
Microsoft Visual Studio Solution File, Format Version 12.00
# Visual Studio Version 16
VisualStudioVersion = 16.0.31729.503
MinimumVisualStudioVersion = 10.0.40219.1
Project("{FAE04EC0-301F-11D3-BF4B-00C04F79EFBC}") = "Nhom13_WebsiteGioiThieuBanHangHaiSan", "Nhom13_WebsiteGioiThieuBanHangHaiSan\Nhom13_WebsiteGioiThieuBanHangHaiSan.csproj", "{3A0C62D2-417A-480C-8015-7D9E9A5365B8}"
EndProject
Global
	GlobalSection(SolutionConfigurationPlatforms) = preSolution
		Debug|Any CPU = Debug|Any CPU
		Release|Any CPU = Release|Any CPU
	EndGlobalSection
	GlobalSection(ProjectConfigurationPlatforms) = postSolution
		{3A0C62D2-417A-480C-8015-7D9E9A5365B8}.Debug|Any CPU.ActiveCfg = Debug|Any CPU
		{3A0C62D2-417A-480C-8015-7D9E9A5365B8}.Debug|Any CPU.Build.0 = Debug|Any CPU
		{3A0C62D2-417A-480C-8015-7D9E9A5365B8}.Release|Any CPU.ActiveCfg = Release|Any CPU
		{3A0C62D2-417A-480C-8015-7D9E9A5365B8}.Release|Any CPU.Build.0 = Release|Any CPU
	EndGlobalSection
	GlobalSection(SolutionProperties) = preSolution
		HideSolutionNode = FALSE
	EndGlobalSection
	GlobalSection(ExtensibilityGlobals) = postSolution
		SolutionGuid = {ED778139-D4A5-414E-A1C5-84D72B30A683}
	EndGlobalSection
EndGlobal
